
Microsoft Visual Studio Solution File, Format Version 12.00
# Visual Studio Version 16
VisualStudioVersion = 16.0.30204.135
MinimumVisualStudioVersion = 10.0.40219.1
Project("{8BC9CEB8-8B4A-11D0-8D11-00A0C91BC942}") = "Observer", "Observer\Observer.vcxproj", "{01D342CD-2F94-4756-AD2E-89BD7320CC24}"
EndProject
Project("{8BC9CEB8-8B4A-11D0-8D11-00A0C91BC942}") = "Decorator", "Decorator\Decorator.vcxproj", "{1B7D8DDD-489F-4C60-B388-76298CC7A4B0}"
EndProject
Project("{8BC9CEB8-8B4A-11D0-8D11-00A0C91BC942}") = "Strategy", "Strategy\Strategy.vcxproj", "{5959BB17-91F5-41A4-9E7B-FDB7583DD1A2}"
EndProject
Project("{8BC9CEB8-8B4A-11D0-8D11-00A0C91BC942}") = "Singleton", "Singleton\Singleton.vcxproj", "{19A43AFC-84AE-478B-A65A-B9AF9AC6BB84}"
EndProject
Project("{8BC9CEB8-8B4A-11D0-8D11-00A0C91BC942}") = "Command", "Command\Command.vcxproj", "{0DA763A0-6B8C-4AD1-A96D-B80AD9C9DC3D}"
EndProject
Project("{8BC9CEB8-8B4A-11D0-8D11-00A0C91BC942}") = "Adapter", "Adapter\Adapter.vcxproj", "{4178D853-39F2-44DE-8B4B-9060CD8965A8}"
EndProject
Project("{8BC9CEB8-8B4A-11D0-8D11-00A0C91BC942}") = "Facade", "Facade\Facade.vcxproj", "{98106677-05D6-48C8-A597-C33DD7979F81}"
EndProject
Project("{8BC9CEB8-8B4A-11D0-8D11-00A0C91BC942}") = "AbstractFactory", "AbstractFactory\AbstractFactory.vcxproj", "{49505B15-4D06-45DA-96EE-6339066E3A44}"
EndProject
Global
	GlobalSection(SolutionConfigurationPlatforms) = preSolution
		Debug|x64 = Debug|x64
		Release|x64 = Release|x64
	EndGlobalSection
	GlobalSection(ProjectConfigurationPlatforms) = postSolution
		{01D342CD-2F94-4756-AD2E-89BD7320CC24}.Debug|x64.ActiveCfg = Debug|x64
		{01D342CD-2F94-4756-AD2E-89BD7320CC24}.Debug|x64.Build.0 = Debug|x64
		{01D342CD-2F94-4756-AD2E-89BD7320CC24}.Release|x64.ActiveCfg = Release|x64
		{01D342CD-2F94-4756-AD2E-89BD7320CC24}.Release|x64.Build.0 = Release|x64
		{1B7D8DDD-489F-4C60-B388-76298CC7A4B0}.Debug|x64.ActiveCfg = Debug|x64
		{1B7D8DDD-489F-4C60-B388-76298CC7A4B0}.Debug|x64.Build.0 = Debug|x64
		{1B7D8DDD-489F-4C60-B388-76298CC7A4B0}.Release|x64.ActiveCfg = Release|x64
		{1B7D8DDD-489F-4C60-B388-76298CC7A4B0}.Release|x64.Build.0 = Release|x64
		{5959BB17-91F5-41A4-9E7B-FDB7583DD1A2}.Debug|x64.ActiveCfg = Debug|x64
		{5959BB17-91F5-41A4-9E7B-FDB7583DD1A2}.Debug|x64.Build.0 = Debug|x64
		{5959BB17-91F5-41A4-9E7B-FDB7583DD1A2}.Release|x64.ActiveCfg = Release|x64
		{5959BB17-91F5-41A4-9E7B-FDB7583DD1A2}.Release|x64.Build.0 = Release|x64
		{19A43AFC-84AE-478B-A65A-B9AF9AC6BB84}.Debug|x64.ActiveCfg = Debug|x64
		{19A43AFC-84AE-478B-A65A-B9AF9AC6BB84}.Debug|x64.Build.0 = Debug|x64
		{19A43AFC-84AE-478B-A65A-B9AF9AC6BB84}.Release|x64.ActiveCfg = Release|x64
		{19A43AFC-84AE-478B-A65A-B9AF9AC6BB84}.Release|x64.Build.0 = Release|x64
		{0DA763A0-6B8C-4AD1-A96D-B80AD9C9DC3D}.Debug|x64.ActiveCfg = Debug|x64
		{0DA763A0-6B8C-4AD1-A96D-B80AD9C9DC3D}.Debug|x64.Build.0 = Debug|x64
		{0DA763A0-6B8C-4AD1-A96D-B80AD9C9DC3D}.Release|x64.ActiveCfg = Release|x64
		{0DA763A0-6B8C-4AD1-A96D-B80AD9C9DC3D}.Release|x64.Build.0 = Release|x64
		{4178D853-39F2-44DE-8B4B-9060CD8965A8}.Debug|x64.ActiveCfg = Debug|x64
		{4178D853-39F2-44DE-8B4B-9060CD8965A8}.Debug|x64.Build.0 = Debug|x64
		{4178D853-39F2-44DE-8B4B-9060CD8965A8}.Release|x64.ActiveCfg = Release|x64
		{4178D853-39F2-44DE-8B4B-9060CD8965A8}.Release|x64.Build.0 = Release|x64
		{98106677-05D6-48C8-A597-C33DD7979F81}.Debug|x64.ActiveCfg = Debug|x64
		{98106677-05D6-48C8-A597-C33DD7979F81}.Debug|x64.Build.0 = Debug|x64
		{98106677-05D6-48C8-A597-C33DD7979F81}.Release|x64.ActiveCfg = Release|x64
		{98106677-05D6-48C8-A597-C33DD7979F81}.Release|x64.Build.0 = Release|x64
		{49505B15-4D06-45DA-96EE-6339066E3A44}.Debug|x64.ActiveCfg = Debug|x64
		{49505B15-4D06-45DA-96EE-6339066E3A44}.Debug|x64.Build.0 = Debug|x64
		{49505B15-4D06-45DA-96EE-6339066E3A44}.Release|x64.ActiveCfg = Release|x64
		{49505B15-4D06-45DA-96EE-6339066E3A44}.Release|x64.Build.0 = Release|x64
	EndGlobalSection
	GlobalSection(SolutionProperties) = preSolution
		HideSolutionNode = FALSE
	EndGlobalSection
	GlobalSection(ExtensibilityGlobals) = postSolution
		SolutionGuid = {1A7B963B-462F-48D3-B5EA-684489F0A8EA}
	EndGlobalSection
EndGlobal
