
Microsoft Visual Studio Solution File, Format Version 12.00
# Visual Studio Version 16
VisualStudioVersion = 16.0.30204.135
MinimumVisualStudioVersion = 10.0.40219.1
Project("{8BC9CEB8-8B4A-11D0-8D11-00A0C91BC942}") = "Observer", "Observer\Observer.vcxproj", "{01D342CD-2F94-4756-AD2E-89BD7320CC24}"
EndProject
Project("{8BC9CEB8-8B4A-11D0-8D11-00A0C91BC942}") = "Decorator", "Decorator\Decorator.vcxproj", "{1B7D8DDD-489F-4C60-B388-76298CC7A4B0}"
EndProject
Global
	GlobalSection(SolutionConfigurationPlatforms) = preSolution
		Debug|x64 = Debug|x64
		Release|x64 = Release|x64
	EndGlobalSection
	GlobalSection(ProjectConfigurationPlatforms) = postSolution
		{01D342CD-2F94-4756-AD2E-89BD7320CC24}.Debug|x64.ActiveCfg = Debug|x64
		{01D342CD-2F94-4756-AD2E-89BD7320CC24}.Debug|x64.Build.0 = Debug|x64
		{01D342CD-2F94-4756-AD2E-89BD7320CC24}.Release|x64.ActiveCfg = Release|x64
		{01D342CD-2F94-4756-AD2E-89BD7320CC24}.Release|x64.Build.0 = Release|x64
		{1B7D8DDD-489F-4C60-B388-76298CC7A4B0}.Debug|x64.ActiveCfg = Debug|x64
		{1B7D8DDD-489F-4C60-B388-76298CC7A4B0}.Debug|x64.Build.0 = Debug|x64
		{1B7D8DDD-489F-4C60-B388-76298CC7A4B0}.Release|x64.ActiveCfg = Release|x64
		{1B7D8DDD-489F-4C60-B388-76298CC7A4B0}.Release|x64.Build.0 = Release|x64
	EndGlobalSection
	GlobalSection(SolutionProperties) = preSolution
		HideSolutionNode = FALSE
	EndGlobalSection
	GlobalSection(ExtensibilityGlobals) = postSolution
		SolutionGuid = {1A7B963B-462F-48D3-B5EA-684489F0A8EA}
	EndGlobalSection
EndGlobal
